
Microsoft Visual Studio Solution File, Format Version 12.00
# Visual Studio Version 16
VisualStudioVersion = 16.0.30204.135
MinimumVisualStudioVersion = 10.0.40219.1
Project("{FAE04EC0-301F-11D3-BF4B-00C04F79EFBC}") = "BuckUp.Candle", "BuckUp.Candle\BuckUp.Candle.csproj", "{067BBB33-EE55-4A78-9654-AD142F2007CA}"
EndProject
Global
	GlobalSection(SolutionConfigurationPlatforms) = preSolution
		Debug|Any CPU = Debug|Any CPU
		Release|Any CPU = Release|Any CPU
	EndGlobalSection
	GlobalSection(ProjectConfigurationPlatforms) = postSolution
		{067BBB33-EE55-4A78-9654-AD142F2007CA}.Debug|Any CPU.ActiveCfg = Debug|Any CPU
		{067BBB33-EE55-4A78-9654-AD142F2007CA}.Debug|Any CPU.Build.0 = Debug|Any CPU
		{067BBB33-EE55-4A78-9654-AD142F2007CA}.Release|Any CPU.ActiveCfg = Release|Any CPU
		{067BBB33-EE55-4A78-9654-AD142F2007CA}.Release|Any CPU.Build.0 = Release|Any CPU
	EndGlobalSection
	GlobalSection(SolutionProperties) = preSolution
		HideSolutionNode = FALSE
	EndGlobalSection
	GlobalSection(ExtensibilityGlobals) = postSolution
		SolutionGuid = {8B228F91-B16D-4A39-9FDC-2A9E12F18A8C}
	EndGlobalSection
EndGlobal
